// !$*UTF8*$!
{
	archiveVersion = 1;
	classes = {
	};
	objectVersion = 50;
	objects = {

/* Begin PBXBuildFile section */
		AD7FC97F2085F53F00830686 /* AppDelegate.m in Sources */ = {isa = PBXBuildFile; fileRef = AD7FC97E2085F53F00830686 /* AppDelegate.m */; };
		AD7FC9852085F53F00830686 /* Main.storyboard in Resources */ = {isa = PBXBuildFile; fileRef = AD7FC9832085F53F00830686 /* Main.storyboard */; };
		AD7FC9872085F54100830686 /* Assets.xcassets in Resources */ = {isa = PBXBuildFile; fileRef = AD7FC9862085F54100830686 /* Assets.xcassets */; };
		AD7FC98A2085F54100830686 /* LaunchScreen.storyboard in Resources */ = {isa = PBXBuildFile; fileRef = AD7FC9882085F54100830686 /* LaunchScreen.storyboard */; };
		AD7FC98D2085F54100830686 /* main.m in Sources */ = {isa = PBXBuildFile; fileRef = AD7FC98C2085F54100830686 /* main.m */; };
		AD7FC9952085F55900830686 /* DemoClass.m in Sources */ = {isa = PBXBuildFile; fileRef = AD7FC9942085F55900830686 /* DemoClass.m */; };
/* End PBXBuildFile section */

/* Begin PBXFileReference section */
		AD7FC97A2085F53F00830686 /* SameTypeClangPlugin.app */ = {isa = PBXFileReference; explicitFileType = wrapper.application; includeInIndex = 0; path = SameTypeClangPlugin.app; sourceTree = BUILT_PRODUCTS_DIR; };
		AD7FC97D2085F53F00830686 /* AppDelegate.h */ = {isa = PBXFileReference; lastKnownFileType = sourcecode.c.h; path = AppDelegate.h; sourceTree = "<group>"; };
		AD7FC97E2085F53F00830686 /* AppDelegate.m */ = {isa = PBXFileReference; lastKnownFileType = sourcecode.c.objc; path = AppDelegate.m; sourceTree = "<group>"; };
		AD7FC9842085F53F00830686 /* Base */ = {isa = PBXFileReference; lastKnownFileType = file.storyboard; name = Base; path = Base.lproj/Main.storyboard; sourceTree = "<group>"; };
		AD7FC9862085F54100830686 /* Assets.xcassets */ = {isa = PBXFileReference; lastKnownFileType = folder.assetcatalog; path = Assets.xcassets; sourceTree = "<group>"; };
		AD7FC9892085F54100830686 /* Base */ = {isa = PBXFileReference; lastKnownFileType = file.storyboard; name = Base; path = Base.lproj/LaunchScreen.storyboard; sourceTree = "<group>"; };
		AD7FC98B2085F54100830686 /* Info.plist */ = {isa = PBXFileReference; lastKnownFileType = text.plist.xml; path = Info.plist; sourceTree = "<group>"; };
		AD7FC98C2085F54100830686 /* main.m */ = {isa = PBXFileReference; lastKnownFileType = sourcecode.c.objc; path = main.m; sourceTree = "<group>"; };
		AD7FC9932085F55900830686 /* DemoClass.h */ = {isa = PBXFileReference; lastKnownFileType = sourcecode.c.h; path = DemoClass.h; sourceTree = "<group>"; };
		AD7FC9942085F55900830686 /* DemoClass.m */ = {isa = PBXFileReference; lastKnownFileType = sourcecode.c.objc; path = DemoClass.m; sourceTree = "<group>"; };
/* End PBXFileReference section */

/* Begin PBXFrameworksBuildPhase section */
		AD7FC9772085F53F00830686 /* Frameworks */ = {
			isa = PBXFrameworksBuildPhase;
			buildActionMask = 2147483647;
			files = (
			);
			runOnlyForDeploymentPostprocessing = 0;
		};
/* End PBXFrameworksBuildPhase section */

/* Begin PBXGroup section */
		AD7FC9712085F53E00830686 = {
			isa = PBXGroup;
			children = (
				AD7FC97C2085F53F00830686 /* SameTypeClangPlugin */,
				AD7FC97B2085F53F00830686 /* Products */,
			);
			sourceTree = "<group>";
		};
		AD7FC97B2085F53F00830686 /* Products */ = {
			isa = PBXGroup;
			children = (
				AD7FC97A2085F53F00830686 /* SameTypeClangPlugin.app */,
			);
			name = Products;
			sourceTree = "<group>";
		};
		AD7FC97C2085F53F00830686 /* SameTypeClangPlugin */ = {
			isa = PBXGroup;
			children = (
				AD7FC9932085F55900830686 /* DemoClass.h */,
				AD7FC9942085F55900830686 /* DemoClass.m */,
				AD7FC98B2085F54100830686 /* Info.plist */,
				AD7FC9962085F56700830686 /* other */,
			);
			path = SameTypeClangPlugin;
			sourceTree = "<group>";
		};
		AD7FC9962085F56700830686 /* other */ = {
			isa = PBXGroup;
			children = (
				AD7FC97D2085F53F00830686 /* AppDelegate.h */,
				AD7FC97E2085F53F00830686 /* AppDelegate.m */,
				AD7FC9832085F53F00830686 /* Main.storyboard */,
				AD7FC9862085F54100830686 /* Assets.xcassets */,
				AD7FC9882085F54100830686 /* LaunchScreen.storyboard */,
				AD7FC98C2085F54100830686 /* main.m */,
			);
			path = other;
			sourceTree = "<group>";
		};
/* End PBXGroup section */

/* Begin PBXNativeTarget section */
		AD7FC9792085F53F00830686 /* SameTypeClangPlugin */ = {
			isa = PBXNativeTarget;
			buildConfigurationList = AD7FC9902085F54100830686 /* Build configuration list for PBXNativeTarget "SameTypeClangPlugin" */;
			buildPhases = (
				AD7FC9762085F53F00830686 /* Sources */,
				AD7FC9772085F53F00830686 /* Frameworks */,
				AD7FC9782085F53F00830686 /* Resources */,
			);
			buildRules = (
			);
			dependencies = (
			);
			name = SameTypeClangPlugin;
			productName = SameTypeClangPlugin;
			productReference = AD7FC97A2085F53F00830686 /* SameTypeClangPlugin.app */;
			productType = "com.apple.product-type.application";
		};
/* End PBXNativeTarget section */

/* Begin PBXProject section */
		AD7FC9722085F53E00830686 /* Project object */ = {
			isa = PBXProject;
			attributes = {
				LastUpgradeCheck = 0930;
				ORGANIZATIONNAME = Vernon;
				TargetAttributes = {
					AD7FC9792085F53F00830686 = {
						CreatedOnToolsVersion = 9.3;
					};
				};
			};
			buildConfigurationList = AD7FC9752085F53E00830686 /* Build configuration list for PBXProject "SameTypeClangPlugin" */;
			compatibilityVersion = "Xcode 9.3";
			developmentRegion = en;
			hasScannedForEncodings = 0;
			knownRegions = (
				en,
				Base,
			);
			mainGroup = AD7FC9712085F53E00830686;
			productRefGroup = AD7FC97B2085F53F00830686 /* Products */;
			projectDirPath = "";
			projectRoot = "";
			targets = (
				AD7FC9792085F53F00830686 /* SameTypeClangPlugin */,
			);
		};
/* End PBXProject section */

/* Begin PBXResourcesBuildPhase section */
		AD7FC9782085F53F00830686 /* Resources */ = {
			isa = PBXResourcesBuildPhase;
			buildActionMask = 2147483647;
			files = (
				AD7FC98A2085F54100830686 /* LaunchScreen.storyboard in Resources */,
				AD7FC9872085F54100830686 /* Assets.xcassets in Resources */,
				AD7FC9852085F53F00830686 /* Main.storyboard in Resources */,
			);
			runOnlyForDeploymentPostprocessing = 0;
		};
/* End PBXResourcesBuildPhase section */

/* Begin PBXSourcesBuildPhase section */
		AD7FC9762085F53F00830686 /* Sources */ = {
			isa = PBXSourcesBuildPhase;
			buildActionMask = 2147483647;
			files = (
				AD7FC9952085F55900830686 /* DemoClass.m in Sources */,
				AD7FC98D2085F54100830686 /* main.m in Sources */,
				AD7FC97F2085F53F00830686 /* AppDelegate.m in Sources */,
			);
			runOnlyForDeploymentPostprocessing = 0;
		};
/* End PBXSourcesBuildPhase section */

/* Begin PBXVariantGroup section */
		AD7FC9832085F53F00830686 /* Main.storyboard */ = {
			isa = PBXVariantGroup;
			children = (
				AD7FC9842085F53F00830686 /* Base */,
			);
			name = Main.storyboard;
			sourceTree = "<group>";
		};
		AD7FC9882085F54100830686 /* LaunchScreen.storyboard */ = {
			isa = PBXVariantGroup;
			children = (
				AD7FC9892085F54100830686 /* Base */,
			);
			name = LaunchScreen.storyboard;
			sourceTree = "<group>";
		};
/* End PBXVariantGroup section */

/* Begin XCBuildConfiguration section */
		AD7FC98E2085F54100830686 /* Debug */ = {
			isa = XCBuildConfiguration;
			buildSettings = {
				ALWAYS_SEARCH_USER_PATHS = NO;
				CLANG_ANALYZER_NONNULL = YES;
				CLANG_ANALYZER_NUMBER_OBJECT_CONVERSION = YES_AGGRESSIVE;
				CLANG_CXX_LANGUAGE_STANDARD = "gnu++14";
				CLANG_CXX_LIBRARY = "libc++";
				CLANG_ENABLE_MODULES = YES;
				CLANG_ENABLE_OBJC_ARC = YES;
				CLANG_ENABLE_OBJC_WEAK = YES;
				CLANG_WARN_BLOCK_CAPTURE_AUTORELEASING = YES;
				CLANG_WARN_BOOL_CONVERSION = YES;
				CLANG_WARN_COMMA = YES;
				CLANG_WARN_CONSTANT_CONVERSION = YES;
				CLANG_WARN_DEPRECATED_OBJC_IMPLEMENTATIONS = YES;
				CLANG_WARN_DIRECT_OBJC_ISA_USAGE = YES_ERROR;
				CLANG_WARN_DOCUMENTATION_COMMENTS = YES;
				CLANG_WARN_EMPTY_BODY = YES;
				CLANG_WARN_ENUM_CONVERSION = YES;
				CLANG_WARN_INFINITE_RECURSION = YES;
				CLANG_WARN_INT_CONVERSION = YES;
				CLANG_WARN_NON_LITERAL_NULL_CONVERSION = YES;
				CLANG_WARN_OBJC_IMPLICIT_RETAIN_SELF = YES;
				CLANG_WARN_OBJC_LITERAL_CONVERSION = YES;
				CLANG_WARN_OBJC_ROOT_CLASS = YES_ERROR;
				CLANG_WARN_RANGE_LOOP_ANALYSIS = YES;
				CLANG_WARN_STRICT_PROTOTYPES = YES;
				CLANG_WARN_SUSPICIOUS_MOVE = YES;
				CLANG_WARN_UNGUARDED_AVAILABILITY = YES_AGGRESSIVE;
				CLANG_WARN_UNREACHABLE_CODE = YES;
				CLANG_WARN__DUPLICATE_METHOD_MATCH = YES;
				CODE_SIGN_IDENTITY = "iPhone Developer";
				COPY_PHASE_STRIP = NO;
				DEBUG_INFORMATION_FORMAT = dwarf;
				ENABLE_STRICT_OBJC_MSGSEND = YES;
				ENABLE_TESTABILITY = YES;
				GCC_C_LANGUAGE_STANDARD = gnu11;
				GCC_DYNAMIC_NO_PIC = NO;
				GCC_NO_COMMON_BLOCKS = YES;
				GCC_OPTIMIZATION_LEVEL = 0;
				GCC_PREPROCESSOR_DEFINITIONS = (
					"DEBUG=1",
					"$(inherited)",
				);
				GCC_WARN_64_TO_32_BIT_CONVERSION = YES;
				GCC_WARN_ABOUT_RETURN_TYPE = YES_ERROR;
				GCC_WARN_UNDECLARED_SELECTOR = YES;
				GCC_WARN_UNINITIALIZED_AUTOS = YES_AGGRESSIVE;
				GCC_WARN_UNUSED_FUNCTION = YES;
				GCC_WARN_UNUSED_VARIABLE = YES;
				IPHONEOS_DEPLOYMENT_TARGET = 11.3;
				MTL_ENABLE_DEBUG_INFO = YES;
				ONLY_ACTIVE_ARCH = YES;
				SDKROOT = iphoneos;
			};
			name = Debug;
		};
		AD7FC98F2085F54100830686 /* Release */ = {
			isa = XCBuildConfiguration;
			buildSettings = {
				ALWAYS_SEARCH_USER_PATHS = NO;
				CLANG_ANALYZER_NONNULL = YES;
				CLANG_ANALYZER_NUMBER_OBJECT_CONVERSION = YES_AGGRESSIVE;
				CLANG_CXX_LANGUAGE_STANDARD = "gnu++14";
				CLANG_CXX_LIBRARY = "libc++";
				CLANG_ENABLE_MODULES = YES;
				CLANG_ENABLE_OBJC_ARC = YES;
				CLANG_ENABLE_OBJC_WEAK = YES;
				CLANG_WARN_BLOCK_CAPTURE_AUTORELEASING = YES;
				CLANG_WARN_BOOL_CONVERSION = YES;
				CLANG_WARN_COMMA = YES;
				CLANG_WARN_CONSTANT_CONVERSION = YES;
				CLANG_WARN_DEPRECATED_OBJC_IMPLEMENTATIONS = YES;
				CLANG_WARN_DIRECT_OBJC_ISA_USAGE = YES_ERROR;
				CLANG_WARN_DOCUMENTATION_COMMENTS = YES;
				CLANG_WARN_EMPTY_BODY = YES;
				CLANG_WARN_ENUM_CONVERSION = YES;
				CLANG_WARN_INFINITE_RECURSION = YES;
				CLANG_WARN_INT_CONVERSION = YES;
				CLANG_WARN_NON_LITERAL_NULL_CONVERSION = YES;
				CLANG_WARN_OBJC_IMPLICIT_RETAIN_SELF = YES;
				CLANG_WARN_OBJC_LITERAL_CONVERSION = YES;
				CLANG_WARN_OBJC_ROOT_CLASS = YES_ERROR;
				CLANG_WARN_RANGE_LOOP_ANALYSIS = YES;
				CLANG_WARN_STRICT_PROTOTYPES = YES;
				CLANG_WARN_SUSPICIOUS_MOVE = YES;
				CLANG_WARN_UNGUARDED_AVAILABILITY = YES_AGGRESSIVE;
				CLANG_WARN_UNREACHABLE_CODE = YES;
				CLANG_WARN__DUPLICATE_METHOD_MATCH = YES;
				CODE_SIGN_IDENTITY = "iPhone Developer";
				COPY_PHASE_STRIP = NO;
				DEBUG_INFORMATION_FORMAT = "dwarf-with-dsym";
				ENABLE_NS_ASSERTIONS = NO;
				ENABLE_STRICT_OBJC_MSGSEND = YES;
				GCC_C_LANGUAGE_STANDARD = gnu11;
				GCC_NO_COMMON_BLOCKS = YES;
				GCC_WARN_64_TO_32_BIT_CONVERSION = YES;
				GCC_WARN_ABOUT_RETURN_TYPE = YES_ERROR;
				GCC_WARN_UNDECLARED_SELECTOR = YES;
				GCC_WARN_UNINITIALIZED_AUTOS = YES_AGGRESSIVE;
				GCC_WARN_UNUSED_FUNCTION = YES;
				GCC_WARN_UNUSED_VARIABLE = YES;
				IPHONEOS_DEPLOYMENT_TARGET = 11.3;
				MTL_ENABLE_DEBUG_INFO = NO;
				SDKROOT = iphoneos;
				VALIDATE_PRODUCT = YES;
			};
			name = Release;
		};
		AD7FC9912085F54100830686 /* Debug */ = {
			isa = XCBuildConfiguration;
			buildSettings = {
				ASSETCATALOG_COMPILER_APPICON_NAME = AppIcon;
				CODE_SIGN_STYLE = Automatic;
				DEVELOPMENT_TEAM = R6964LXMCM;
				GCC_VERSION = com.apple.compilers.llvm.clang.hacked.compiler;
				INFOPLIST_FILE = SameTypeClangPlugin/Info.plist;
				LD_RUNPATH_SEARCH_PATHS = (
					"$(inherited)",
					"@executable_path/Frameworks",
				);
				OTHER_CFLAGS = (
					"-Xclang",
					"-load",
					"-Xclang",
					/opt/llvm/llvm_build/Debug/lib/SameTypePlugin.dylib,
					"-Xclang",
					"-add-plugin",
					"-Xclang",
					SameTypePlugin,
				);
				PRODUCT_BUNDLE_IDENTIFIER = io.vernonvan.github.SameTypeClangPlugin;
				PRODUCT_NAME = "$(TARGET_NAME)";
				TARGETED_DEVICE_FAMILY = "1,2";
			};
			name = Debug;
		};
		AD7FC9922085F54100830686 /* Release */ = {
			isa = XCBuildConfiguration;
			buildSettings = {
				ASSETCATALOG_COMPILER_APPICON_NAME = AppIcon;
				CODE_SIGN_STYLE = Automatic;
				DEVELOPMENT_TEAM = R6964LXMCM;
				GCC_VERSION = com.apple.compilers.llvm.clang.hacked.compiler;
				INFOPLIST_FILE = SameTypeClangPlugin/Info.plist;
				LD_RUNPATH_SEARCH_PATHS = (
					"$(inherited)",
					"@executable_path/Frameworks",
				);
				OTHER_CFLAGS = (
					"-Xclang",
					"-load",
					"-Xclang",
					/opt/llvm/llvm_build/Debug/lib/SameTypePlugin.dylib,
					"-Xclang",
					"-add-plugin",
					"-Xclang",
					SameTypePlugin,
				);
				PRODUCT_BUNDLE_IDENTIFIER = io.vernonvan.github.SameTypeClangPlugin;
				PRODUCT_NAME = "$(TARGET_NAME)";
				TARGETED_DEVICE_FAMILY = "1,2";
			};
			name = Release;
		};
/* End XCBuildConfiguration section */

/* Begin XCConfigurationList section */
		AD7FC9752085F53E00830686 /* Build configuration list for PBXProject "SameTypeClangPlugin" */ = {
			isa = XCConfigurationList;
			buildConfigurations = (
				AD7FC98E2085F54100830686 /* Debug */,
				AD7FC98F2085F54100830686 /* Release */,
			);
			defaultConfigurationIsVisible = 0;
			defaultConfigurationName = Release;
		};
		AD7FC9902085F54100830686 /* Build configuration list for PBXNativeTarget "SameTypeClangPlugin" */ = {
			isa = XCConfigurationList;
			buildConfigurations = (
				AD7FC9912085F54100830686 /* Debug */,
				AD7FC9922085F54100830686 /* Release */,
			);
			defaultConfigurationIsVisible = 0;
			defaultConfigurationName = Release;
		};
/* End XCConfigurationList section */
	};
	rootObject = AD7FC9722085F53E00830686 /* Project object */;
}
